
Microsoft Visual Studio Solution File, Format Version 12.00
# Visual Studio Version 17
VisualStudioVersion = 17.6.33801.468
MinimumVisualStudioVersion = 10.0.40219.1
Project("{FAE04EC0-301F-11D3-BF4B-00C04F79EFBC}") = "Class_Variable_2", "Class_Variable_2.csproj", "{A0E97A7C-B9A9-4E48-A608-8219BD9D39A5}"
EndProject
Global
	GlobalSection(SolutionConfigurationPlatforms) = preSolution
		Debug|Any CPU = Debug|Any CPU
		Release|Any CPU = Release|Any CPU
	EndGlobalSection
	GlobalSection(ProjectConfigurationPlatforms) = postSolution
		{A0E97A7C-B9A9-4E48-A608-8219BD9D39A5}.Debug|Any CPU.ActiveCfg = Debug|Any CPU
		{A0E97A7C-B9A9-4E48-A608-8219BD9D39A5}.Debug|Any CPU.Build.0 = Debug|Any CPU
		{A0E97A7C-B9A9-4E48-A608-8219BD9D39A5}.Release|Any CPU.ActiveCfg = Release|Any CPU
		{A0E97A7C-B9A9-4E48-A608-8219BD9D39A5}.Release|Any CPU.Build.0 = Release|Any CPU
	EndGlobalSection
	GlobalSection(SolutionProperties) = preSolution
		HideSolutionNode = FALSE
	EndGlobalSection
	GlobalSection(ExtensibilityGlobals) = postSolution
		SolutionGuid = {2FFC7FF8-0136-4106-A95A-C4F7FD30FF4B}
	EndGlobalSection
EndGlobal
